
Microsoft Visual Studio Solution File, Format Version 12.00
# Visual Studio 14
VisualStudioVersion = 14.0.25420.1
MinimumVisualStudioVersion = 10.0.40219.1
Project("{FAE04EC0-301F-11D3-BF4B-00C04F79EFBC}") = "Explicit Interfaces", "Explicit Interfaces\Explicit Interfaces.csproj", "{F3C80EB4-82D9-4CCC-8C50-6FE1296504AF}"
EndProject
Global
	GlobalSection(SolutionConfigurationPlatforms) = preSolution
		Debug|Any CPU = Debug|Any CPU
		Release|Any CPU = Release|Any CPU
	EndGlobalSection
	GlobalSection(ProjectConfigurationPlatforms) = postSolution
		{F3C80EB4-82D9-4CCC-8C50-6FE1296504AF}.Debug|Any CPU.ActiveCfg = Debug|Any CPU
		{F3C80EB4-82D9-4CCC-8C50-6FE1296504AF}.Debug|Any CPU.Build.0 = Debug|Any CPU
		{F3C80EB4-82D9-4CCC-8C50-6FE1296504AF}.Release|Any CPU.ActiveCfg = Release|Any CPU
		{F3C80EB4-82D9-4CCC-8C50-6FE1296504AF}.Release|Any CPU.Build.0 = Release|Any CPU
	EndGlobalSection
	GlobalSection(SolutionProperties) = preSolution
		HideSolutionNode = FALSE
	EndGlobalSection
EndGlobal
